
Microsoft Visual Studio Solution File, Format Version 12.00
# Visual Studio Version 17
VisualStudioVersion = 17.5.002.0
MinimumVisualStudioVersion = 10.0.40219.1
Project("{9A19103F-16F7-4668-BE54-9A1E7A4F7556}") = "ToDoList3", "ToDoList3.csproj", "{BDFADF32-0FB1-469B-A43A-064976CAD617}"
EndProject
Global
	GlobalSection(SolutionConfigurationPlatforms) = preSolution
		Debug|Any CPU = Debug|Any CPU
		Release|Any CPU = Release|Any CPU
	EndGlobalSection
	GlobalSection(ProjectConfigurationPlatforms) = postSolution
		{BDFADF32-0FB1-469B-A43A-064976CAD617}.Debug|Any CPU.ActiveCfg = Debug|Any CPU
		{BDFADF32-0FB1-469B-A43A-064976CAD617}.Debug|Any CPU.Build.0 = Debug|Any CPU
		{BDFADF32-0FB1-469B-A43A-064976CAD617}.Release|Any CPU.ActiveCfg = Release|Any CPU
		{BDFADF32-0FB1-469B-A43A-064976CAD617}.Release|Any CPU.Build.0 = Release|Any CPU
	EndGlobalSection
	GlobalSection(SolutionProperties) = preSolution
		HideSolutionNode = FALSE
	EndGlobalSection
	GlobalSection(ExtensibilityGlobals) = postSolution
		SolutionGuid = {A53F466F-96E2-4B7E-A969-D8F39827AB20}
	EndGlobalSection
EndGlobal
